github.com/BurntSushi/toml v0.3.0/go.mod h1:xHWCNGjB5oqiDr8zfno3MHue2Ht5sIBksp03qcyfWMU=
github.com/BurntSushi/toml v0.3.1 h1:WXkYYl6Yr3qBf1K79EBnL4mak0OimBfB0XUf9Vl28OQ=
github.com/BurntSushi/toml v0.3.1/go.mod h1:xHWCNGjB5oqiDr8zfno3MHue2Ht5sIBksp03qcyfWMU=
github.com/GeertJohan/go.incremental v1.0.0 h1:7AH+pY1XUgQE4Y1HcXYaMqAI0m9yrFqo/jt0CW30vsg=
github.com/GeertJohan/go.incremental v1.0.0/go.mod h1:6fAjUhbVuX1KcMD3c8TEgVUqmo4seqhv0i0kdATSkM0=
github.com/GeertJohan/go.rice v1.0.0 h1:KkI6O9uMaQU3VEKaj01ulavtF7o1fWT7+pk/4voiMLQ=
github.com/GeertJohan/go.rice v1.0.0/go.mod h1:eH6gbSOAUv07dQuZVnBmoDP8mgsM1rtixis4Tib9if0=
github.com/Joker/hpp v1.0.0 h1:65+iuJYdRXv/XyN62C1uEmmOx3432rNG/rKlX6V7Kkc=
github.com/Joker/hpp v1.0.0/go.mod h1:8x5n+M1Hp5hC0g8okX3sR3vFQwynaX/UgSOM9MeBKzY=
github.com/Knetic/govaluate v3.0.1-0.20171022003610-9aa49832a739+incompatible h1:1G1pk05UrOh0NlF1oeaaix1x8XzrfjIDK47TY0Zehcw=
github.com/Knetic/govaluate v3.0.1-0.20171022003610-9aa49832a739+incompatible/go.mod h1:r7JcOSlj0wfOMncg0iLm8Leh48TZaKVeNIfJntJ2wa0=
github.com/Masterminds/squirrel v1.4.0 h1:he5i/EXixZxrBUWcxzDYMiju9WZ3ld/l7QBNuo/eN3w=
github.com/Masterminds/squirrel v1.4.0/go.mod h1:yaPeOnPG5ZRwL9oKdTsO/prlkPbXWZlRVMQ/gGlzIuA=
github.com/akavel/rsrc v0.8.0 h1:zjWn7ukO9Kc5Q62DOJCcxGpXC18RawVtYAGdz2aLlfw=
github.com/akavel/rsrc v0.8.0/go.mod h1:uLoCtb9J+EyAqh+26kdrTgmzRBFPGOolLWKpdxkKq+c=
github.com/casbin/casbin v1.9.1 h1:ucjbS5zTrmSLtH4XogqOG920Poe6QatdXtz1FEbApeM=
github.com/casbin/casbin v1.9.1/go.mod h1:z8uPsfBJGUsnkagrt3G8QvjgTKFMBJ32UP8HpZllfog=
github.com/casbin/casbin/v2 v2.0.0/go.mod h1:YcPU1XXisHhLzuxH9coDNf2FbKpjGlbCg3n9yuLkIJQ=
github.com/casbin/casbin/v2 v2.0.1/go.mod h1:YcPU1XXisHhLzuxH9coDNf2FbKpjGlbCg3n9yuLkIJQ=
github.com/casbin/casbin/v2 v2.8.2 h1:i4AkDv2UM5qN52AJxt6aLd+mHalizJ3GtWco6xUNg+8=
github.com/casbin/casbin/v2 v2.8.2/go.mod h1:XXtYGrs/0zlOsJMeRteEdVi/FsB0ph7KgNfjoCoJUD8=
github.com/casbin/casbin/v2 v2.10.0 h1:hBGwn5dnOiA2agPwpedz0a3ke/OVnWksyoHm7dW/bWc=
github.com/casbin/casbin/v2 v2.10.0/go.mod h1:XXtYGrs/0zlOsJMeRteEdVi/FsB0ph7KgNfjoCoJUD8=
github.com/casbin/json-adapter v1.0.0 h1:836ThxQ0CXwuFf23kVwGQ2mMzPLRJ2uSpLFafRLu5jY=
github.com/casbin/json-adapter v1.0.0/go.mod h1:d7Ooz34TFhFKSZZRVtBPm7WuZWVCh6tOGkinYOXWdZg=
github.com/casbin/json-adapter/v2 v2.0.0 h1:nOCN3TK1CJKSNQQ/MnakbU9/cUcNR3N0AxBDnEBLSDI=
github.com/casbin/json-adapter/v2 v2.0.0/go.mod h1:LvsfPXXr8CD0ZFucAxawcY9Xb0FtLk3mozJ1qcSTUD4=
github.com/daaku/go.zipexe v1.0.0 h1:VSOgZtH418pH9L16hC/JrgSNJbbAL26pj7lmD1+CGdY=
github.com/daaku/go.zipexe v1.0.0/go.mod h1:z8IiR6TsVLEYKwXAoE/I+8ys/sDkgTzSL0CLnGVd57E=
github.com/daaku/go.zipexe v1.0.1 h1:wV4zMsDOI2SZ2m7Tdz1Ps96Zrx+TzaK15VbUaGozw0M=
github.com/daaku/go.zipexe v1.0.1/go.mod h1:5xWogtqlYnfBXkSB1o9xysukNP9GTvaNkqzUZbt3Bw8=
github.com/davecgh/go-spew v1.1.1 h1:vj9j/u1bqnvCEfJOwUhtlOARqs3+rkHYY13jYWTU97c=
github.com/davecgh/go-spew v1.1.1/go.mod h1:J7Y8YcW2NihsgmVo/mv3lAwl/skON4iLHjSsI+c5H38=
github.com/dchest/authcookie v0.0.0-20190824115100-f900d2294c8e h1:xizeG5ksKSdyNaom2//2Bow4hLWqXkCql36nrL9iEUI=
github.com/dchest/authcookie v0.0.0-20190824115100-f900d2294c8e/go.mod h1:x7AK2h2QzaXVEFi1tbMYMDuvHcCEr1QdMDrg3hkW24Q=
github.com/dchest/passwordreset v0.0.0-20190826080013-4518b1f41006 h1:o7YnLDDWw9SVjUGTcz+nIfdmkC73SOV1YMTgZfNZepo=
github.com/dchest/passwordreset v0.0.0-20190826080013-4518b1f41006/go.mod h1:+DvfQth62fJm5CJ2ivtsS6uDY9dBorAWj2O1MvJrHIo=
github.com/dgrijalva/jwt-go v3.2.0+incompatible h1:7qlOGliEKZXTDg6OTjfoBKDXWrumCAMpl/TFQ4/5kLM=
github.com/dgrijalva/jwt-go v3.2.0+incompatible/go.mod h1:E3ru+11k8xSBh+hMPgOLZmtrrCbhqsmaPHjLKYnJCaQ=
github.com/go-sql-driver/mysql v1.4.0 h1:7LxgVwFb2hIQtMm87NdgAVfXjnt4OePseqT1tKx+opk=
github.com/go-sql-driver/mysql v1.4.0/go.mod h1:zAC/RDZ24gD3HViQzih4MyKcchzm+sOG5ZlKdlhCg5w=
github.com/go-sql-driver/mysql v1.4.1 h1:g24URVg0OFbNUTx9qqY1IRZ9D9z3iPyi5zKhQZpNwpA=
github.com/go-sql-driver/mysql v1.4.1/go.mod h1:zAC/RDZ24gD3HViQzih4MyKcchzm+sOG5ZlKdlhCg5w=
github.com/golang/freetype v0.0.0-20170609003504-e2365dfdc4a0 h1:DACJavvAHhabrF08vX0COfcOBJRhZ8lUbR+ZWIs0Y5g=
github.com/golang/freetype v0.0.0-20170609003504-e2365dfdc4a0/go.mod h1:E/TSTwGwJL78qG/PmXZO1EjYhfJinVAhrmmHX6Z8B9k=
github.com/golang/protobuf v1.2.0/go.mod h1:6lQm79b+lXiMfvg/cZm0SGofjICqVBUtrP5yJMmIC1U=
github.com/golang/protobuf v1.3.1/go.mod h1:6lQm79b+lXiMfvg/cZm0SGofjICqVBUtrP5yJMmIC1U=
github.com/google/go-cmp v0.5.0 h1:/QaMHBdZ26BB3SSst0Iwl10Epc+xhTquomWX0oZEB6w=
github.com/google/go-cmp v0.5.0/go.mod h1:v8dTdLbMG2kIc/vJvl+f65V22dbkXbowE6jgT/gNBxE=
github.com/gopherjs/gopherjs v0.0.0-20200217142428-fce0ec30dd00 h1:l5lAOZEym3oK3SQ2HBHWsJUfbNBiTXJDeW2QDxw9AQ0=
github.com/gopherjs/gopherjs v0.0.0-20200217142428-fce0ec30dd00/go.mod h1:wJfORRmW1u3UXTncJ5qlYoELFm8eSnnEO6hX4iZ3EWY=
github.com/gorilla/mux v1.7.4 h1:VuZ8uybHlWmqV03+zRzdwKL4tUnIp1MAQtp1mIFE1bc=
github.com/gorilla/mux v1.7.4/go.mod h1:DVbg23sWSpFRCP0SfiEN6jmj59UnW/n46BH5rLB71So=
github.com/gorilla/schema v1.1.0 h1:CamqUDOFUBqzrvxuz2vEwo8+SUdwsluFh7IlzJh30LY=
github.com/gorilla/schema v1.1.0/go.mod h1:kgLaKoK1FELgZqMAVxx/5cbj0kT+57qxUrAlIO2eleU=
github.com/jessevdk/go-flags v1.4.0 h1:4IU2WS7AumrZ/40jfhf4QVDMsQwqA7VEHozFRrGARJA=
github.com/jessevdk/go-flags v1.4.0/go.mod h1:4FA24M0QyGHXBuZZK/XkWh8h0e1EYbRYJSGM75WSRxI=
github.com/jmoiron/sqlx v1.2.0 h1:41Ip0zITnmWNR/vHV+S4m+VoUivnWY5E4OJfLZjCJMA=
github.com/jmoiron/sqlx v1.2.0/go.mod h1:1FEQNm3xlJgrMD+FBdI9+xvCksHtbpVBBw5dYhBSsks=
github.com/justinas/alice v1.2.0 h1:+MHSA/vccVCF4Uq37S42jwlkvI2Xzl7zTPCN5BnZNVo=
github.com/justinas/alice v1.2.0/go.mod h1:fN5HRH/reO/zrUflLfTN43t3vXvKzvZIENsNEe7i7qA=
github.com/konsorten/go-windows-terminal-sequences v1.0.3 h1:CE8S1cTafDpPvMhIxNJKvHsGVBgn1xWYf1NbHQhywc8=
github.com/konsorten/go-windows-terminal-sequences v1.0.3/go.mod h1:T0+1ngSBFLxvqU3pZ+m/2kptfBszLMUkC4ZK/EgS/cQ=
github.com/lann/builder v0.0.0-20180802200727-47ae307949d0 h1:SOEGU9fKiNWd/HOJuq6+3iTQz8KNCLtVX6idSoTLdUw=
github.com/lann/builder v0.0.0-20180802200727-47ae307949d0/go.mod h1:dXGbAdH5GtBTC4WfIxhKZfyBF/HBFgRZSWwZ9g/He9o=
github.com/lann/ps v0.0.0-20150810152359-62de8c46ede0 h1:P6pPBnrTSX3DEVR4fDembhRWSsG5rVo6hYhAB/ADZrk=
github.com/lann/ps v0.0.0-20150810152359-62de8c46ede0/go.mod h1:vmVJ0l/dxyfGW6FmdpVm2joNMFikkuWg0EoCKLGUMNw=
github.com/lib/pq v1.0.0 h1:X5PMW56eZitiTeO7tKzZxFCSpbFZJtkMMooicw2us9A=
github.com/lib/pq v1.0.0/go.mod h1:5WUZQaWbwv1U+lTReE5YruASi9Al49XbQIvNi/34Woo=
github.com/lib/pq v1.1.1 h1:sJZmqHoEaY7f+NPP8pgLB/WxulyR3fewgCM2qaSlBb4=
github.com/lib/pq v1.1.1/go.mod h1:5WUZQaWbwv1U+lTReE5YruASi9Al49XbQIvNi/34Woo=
github.com/mattn/go-sqlite3 v1.9.0/go.mod h1:FPy6KqzDD04eiIsT53CuJW3U88zkxoIYsOqkbpncsNc=
github.com/mattn/go-sqlite3 v2.0.3+incompatible h1:gXHsfypPkaMZrKbD5209QV9jbUTJKjyR5WD3HYQSd+U=
github.com/mattn/go-sqlite3 v2.0.3+incompatible/go.mod h1:FPy6KqzDD04eiIsT53CuJW3U88zkxoIYsOqkbpncsNc=
github.com/memwey/casbin-sqlx-adapter v0.2.0 h1:3oo7zEmjwm7wyuVKAvxSnUrEgBRtzArpeNDQPVcBJSg=
github.com/memwey/casbin-sqlx-adapter v0.2.0/go.mod h1:+Bv0BwR0jpCB9rHP8bjT8iKf4nlU7AiUJy5BEuClsVk=
github.com/nicksnyder/go-i18n/v2 v2.0.3 h1:ks/JkQiOEhhuF6jpNvx+Wih1NIiXzUnZeZVnJuI8R8M=
github.com/nicksnyder/go-i18n/v2 v2.0.3/go.mod h1:oDab7q8XCYMRlcrBnaY/7B1eOectbvj6B1UPBT+p5jo=
github.com/nkovacs/streamquote v0.0.0-20170412213628-49af9bddb229 h1:E2B8qYyeSgv5MXpmzZXRNp8IAQ4vjxIjhpAf5hv/tAg=
github.com/nkovacs/streamquote v0.0.0-20170412213628-49af9bddb229/go.mod h1:0aYXnNPJ8l7uZxf45rWW1a/uME32OF0rhiYGNQ2oF2E=
github.com/oskca/gopherjs-localStorage v0.0.0-20170122101056-45071c7b6b2c h1:q9MExrZvQtKIsuEZSyjkzLiByteeI2zpG2x9eDlCxUc=
github.com/oskca/gopherjs-localStorage v0.0.0-20170122101056-45071c7b6b2c/go.mod h1:SvBgFE2Te1LAHP2mCgffkNg3SPCwAdTIhqez4kqzaGU=
github.com/pmezard/go-difflib v1.0.0 h1:4DBwDE0NGyQoBHbLQYPwSUPoCMWR5BEzIk/f1lZbAQM=
github.com/pmezard/go-difflib v1.0.0/go.mod h1:iKH77koFhYxTK1pcRnkKkqfTogsbg7gZNVY4sRDYZ/4=
github.com/rocketlaunchr/gopherjs-xhr v0.0.0-20200209212553-31387d85e43e h1:VVxftyhJI4Xkr+ZC+zFT2DPT1B82o/5I5FL4feddUVQ=
github.com/rocketlaunchr/gopherjs-xhr v0.0.0-20200209212553-31387d85e43e/go.mod h1:5ypADlsg4LRMV7CEbCfyiozu8P99SOv82NHXqbHYnXc=
github.com/rocketlaunchr/react v1.0.9 h1:Uy6ZZK5g6l0rwbDI+5sBstg8Shy67ZnyC5aJxvqePvc=
github.com/rocketlaunchr/react v1.0.9/go.mod h1:VA9kDMA5EHCVxQlH+cM2CMO0ihrDW8bmNR4FK4nf6Xg=
github.com/russross/blackfriday/v2 v2.0.1 h1:lPqVAte+HuHNfhJ/0LC98ESWRz8afy9tM/0RK8m9o+Q=
github.com/russross/blackfriday/v2 v2.0.1/go.mod h1:+Rmxgy9KzJVeS9/2gXHxylqXiyQDYRxCVz55jmeOWTM=
github.com/shurcooL/sanitized_anchor_name v1.0.0 h1:PdmoCO6wvbs+7yrJyMORt4/BmY5IYyJwS/kOiWx8mHo=
github.com/shurcooL/sanitized_anchor_name v1.0.0/go.mod h1:1NzhyTcUVG4SuEtjjoZeVRXNmyL/1OwPU0+IJeTBvfc=
github.com/sirupsen/logrus v1.6.0 h1:UBcNElsrwanuuMsnGSlYmtmgbb23qDR5dG+6X6Oo89I=
github.com/sirupsen/logrus v1.6.0/go.mod h1:7uNnSEd1DgxDLC74fIahvMZmmYsHGZGEOFrfsX/uA88=
github.com/skip2/go-qrcode v0.0.0-20200617195104-da1b6568686e h1:MRM5ITcdelLK2j1vwZ3Je0FKVCfqOLp5zO6trqMLYs0=
github.com/skip2/go-qrcode v0.0.0-20200617195104-da1b6568686e/go.mod h1:XV66xRDqSt+GTGFMVlhk3ULuV0y9ZmzeVGR4mloJI3M=
github.com/steambap/captcha v1.3.0 h1:WhvKZRxwRDee0MQjVtWxQAtXyghV3wnUlkV8QzHJcpc=
github.com/steambap/captcha v1.3.0/go.mod h1:r3X+ngYAvaBDl03rnWlQUKhaltygg0bxc/g7+9JU2LM=
github.com/stretchr/testify v1.2.2 h1:bSDNvY7ZPG5RlJ8otE/7V6gMiyenm9RtJ7IUVIAoJ1w=
github.com/stretchr/testify v1.2.2/go.mod h1:a8OnRcib4nhh0OaRAV+Yts87kKdq0PP7pXfy6kDkUVs=
github.com/valyala/bytebufferpool v1.0.0 h1:GqA5TC/0021Y/b9FG4Oi9Mr3q7XYx6KllzawFIhcdPw=
github.com/valyala/bytebufferpool v1.0.0/go.mod h1:6bBcMArwyJ5K/AmCkWv1jt77kVWyCJ6HpOuEn7z0Csc=
github.com/valyala/fasttemplate v1.0.1 h1:tY9CJiPnMXf1ERmG2EyK7gNUd+c6RKGD0IfU8WdUSz8=
github.com/valyala/fasttemplate v1.0.1/go.mod h1:UQGH1tvbgY+Nz5t2n7tXsz52dQxojPUpymEIMZ47gx8=
golang.org/x/crypto v0.0.0-20190308221718-c2843e01d9a2/go.mod h1:djNgcEr1/C05ACkg1iLfiJU5Ep61QUkGW8qpdssI0+w=
golang.org/x/crypto v0.0.0-20190506204251-e1dfcc566284/go.mod h1:yigFU9vqHzYiE8UmvKecakEJjdnWj3jj499lnFckfCI=
golang.org/x/crypto v0.0.0-20200707235045-ab33eee955e0 h1:eIYIE7EC5/Wv5Kbz8bJPaq+TN3kq3W8S+LSm62vM0DY=
golang.org/x/crypto v0.0.0-20200707235045-ab33eee955e0/go.mod h1:LzIPMQfyMNhhGPhUkYOs5KpL4U8rLKemX1yGLhDgUto=
golang.org/x/crypto v0.0.0-20200709230013-948cd5f35899 h1:DZhuSZLsGlFL4CmhA8BcRA0mnthyA/nZ00AqCUo7vHg=
golang.org/x/crypto v0.0.0-20200709230013-948cd5f35899/go.mod h1:LzIPMQfyMNhhGPhUkYOs5KpL4U8rLKemX1yGLhDgUto=
golang.org/x/image v0.0.0-20200618115811-c13761719519 h1:1e2ufUJNM3lCHEY5jIgac/7UTjd6cgJNdatjPdFWf34=
golang.org/x/image v0.0.0-20200618115811-c13761719519/go.mod h1:FeLwcggjj3mMvU+oOTbSwawSJRM1uh48EjtB4UJZlP0=
golang.org/x/net v0.0.0-20180724234803-3673e40ba225/go.mod h1:mL1N/T3taQHkDXs73rZJwtUhF3w3ftmwwsq0BUmARs4=
golang.org/x/net v0.0.0-20190311183353-d8887717615a/go.mod h1:t9HGtf8HONx5eT2rtn7q6eTqICYqUVnKs3thJo3Qplg=
golang.org/x/net v0.0.0-20190327091125-710a502c58a2/go.mod h1:t9HGtf8HONx5eT2rtn7q6eTqICYqUVnKs3thJo3Qplg=
golang.org/x/net v0.0.0-20190404232315-eb5bcb51f2a3/go.mod h1:t9HGtf8HONx5eT2rtn7q6eTqICYqUVnKs3thJo3Qplg=
golang.org/x/net v0.0.0-20190503192946-f4e77d36d62c h1:uOCk1iQW6Vc18bnC13MfzScl+wdKBmM9Y9kU7Z83/lw=
golang.org/x/net v0.0.0-20190503192946-f4e77d36d62c/go.mod h1:t9HGtf8HONx5eT2rtn7q6eTqICYqUVnKs3thJo3Qplg=
golang.org/x/net v0.0.0-20190603091049-60506f45cf65 h1:+rhAzEzT3f4JtomfC371qB+0Ola2caSKcY69NUBZrRQ=
golang.org/x/net v0.0.0-20190603091049-60506f45cf65/go.mod h1:HSz+uSET+XFnRR8LxR5pz3Of3rY3CfYBVs4xY44aLks=
golang.org/x/sync v0.0.0-20190423024810-112230192c58/go.mod h1:RxMgew5VJxzue5/jJTE5uejpjVlOe/izrB70Jof72aM=
golang.org/x/sys v0.0.0-20190215142949-d0b11bdaac8a/go.mod h1:STP8DvDyc/dI5b8T5hshtkjS+E42TnysNCUPdjciGhY=
golang.org/x/sys v0.0.0-20190412213103-97732733099d/go.mod h1:h1NjWce9XRLGQEsW7wpKNCjG9DtNlClVuFLEZdDNbEs=
golang.org/x/sys v0.0.0-20190422165155-953cdadca894/go.mod h1:h1NjWce9XRLGQEsW7wpKNCjG9DtNlClVuFLEZdDNbEs=
golang.org/x/sys v0.0.0-20190507160741-ecd444e8653b h1:ag/x1USPSsqHud38I9BAC88qdNLDHHtQ4mlgQIZPPNA=
golang.org/x/sys v0.0.0-20190507160741-ecd444e8653b/go.mod h1:h1NjWce9XRLGQEsW7wpKNCjG9DtNlClVuFLEZdDNbEs=
golang.org/x/text v0.3.0/go.mod h1:NqM8EUOU14njkJ3fqMW+pc6Ldnwhi/IjpwHt7yyuwOQ=
golang.org/x/text v0.3.2 h1:tW2bmiBqwgJj/UpqtC8EpXEZVYOwU0yG4iWbprSVAcs=
golang.org/x/text v0.3.2/go.mod h1:bEr9sfX3Q8Zfm5fL9x+3itogRgK3+ptLWKqgva+5dAk=
golang.org/x/text v0.3.3 h1:cokOdA+Jmi5PJGXLlLllQSgYigAEfHXJAERHVMaCc2k=
golang.org/x/text v0.3.3/go.mod h1:5Zoc/QRtKVWzQhOtBMvqHzDpF6irO9z98xDceosuGiQ=
golang.org/x/tools v0.0.0-20180917221912-90fa682c2a6e/go.mod h1:n7NCudcB/nEzxVGmLbDWY5pfWTLqBcC2KZ6jyYvM4mQ=
golang.org/x/tools v0.0.0-20190506145303-2d16b83fe98c/go.mod h1:RgjU9mgBXZiqYHBnxXauZ1Gv1EHHAz9KjViQ78xBX0Q=
golang.org/x/xerrors v0.0.0-20191204190536-9bdfabe68543 h1:E7g+9GITq07hpfrRu66IVDexMakfv52eLZ2CXBWiKr4=
golang.org/x/xerrors v0.0.0-20191204190536-9bdfabe68543/go.mod h1:I/5z698sn9Ka8TeJc9MKroUUfqBBauWjQqLJ2OPfmY0=
google.golang.org/appengine v1.6.0/go.mod h1:xpcJRLb0r/rnEns0DIKYYv+WjYCduHsrkT7/EB5XEv4=
google.golang.org/appengine v1.6.6 h1:lMO5rYAqUxkmaj76jAkRUvt5JZgFymx/+Q5Mzfivuhc=
google.golang.org/appengine v1.6.6/go.mod h1:8WjMMxjGQR8xUklV/ARdw2HLXBOI7O7uCIDZVag1xfc=
gopkg.in/check.v1 v0.0.0-20161208181325-20d25e280405 h1:yhCVgyC4o1eVCa2tZl7eS0r+SDo693bJlVdllGtEeKM=
gopkg.in/check.v1 v0.0.0-20161208181325-20d25e280405/go.mod h1:Co6ibVJAznAaIkqp8huTwlJQCZ016jof/cbN4VW5Yz0=
gopkg.in/yaml.v2 v2.2.1 h1:mUhvW9EsL+naU5Q3cakzfE91YhliOondGd6ZrsDBHQE=
gopkg.in/yaml.v2 v2.2.1/go.mod h1:hI93XBmqTisBFMUTm0b8Fm+jr3Dg1NNxqwp+5A1VGuI=
honnef.co/go/js/console v0.0.0-20150119023344-105276c43558 h1:h/U4Bu3p/OB5OvK6+7cXA1oleuDeFzZOTHuwZjMT36A=
honnef.co/go/js/console v0.0.0-20150119023344-105276c43558/go.mod h1:K5NtVTubnQQDVBcHCysv3MwAde+idPmWBeXxpHczwcU=
honnef.co/go/js/dom v0.0.0-20200509013220-d4405f7ab4d8 h1:ufAAo/LVT1mnsG3ivFo3EdGa6E5VeCoBHj0hrmP5Xg0=
honnef.co/go/js/dom v0.0.0-20200509013220-d4405f7ab4d8/go.mod h1:sUMDUKNB2ZcVjt92UnLy3cdGs+wDAcrPdV3JP6sVgA4=
honnef.co/go/js/util v0.0.0-20150216223935-96b8dd9d1621 h1:QBApQyt1KyR3SvDWU8sHcIXeWTSCUamO7xQopvwuLWI=
honnef.co/go/js/util v0.0.0-20150216223935-96b8dd9d1621/go.mod h1:WrAIh8rWfzvMdLVgQ7vpu7aYbDAZ3rHLxydzv2VkL/w=
honnef.co/go/js/xhr v0.0.0-20150307031022-00e3346113ae h1:2dIKMawnBWvHzZrS8STyu/KdhYIOpnKQpp1WZm+K7TE=
honnef.co/go/js/xhr v0.0.0-20150307031022-00e3346113ae/go.mod h1:QwoYXdHZpuR080H32s5jqyk7zh/k/U9bDFg2g8OMmOM=
